
Microsoft Visual Studio Solution File, Format Version 12.00
# Visual Studio Version 17
VisualStudioVersion = 17.11.35327.3
MinimumVisualStudioVersion = 10.0.40219.1
Project("{8BC9CEB8-8B4A-11D0-8D11-00A0C91BC942}") = "test-task_mbi", "test-task_mbi.vcxproj", "{54F0351B-4AFA-4CC8-AB02-7856E825B408}"
EndProject
Global
	GlobalSection(SolutionConfigurationPlatforms) = preSolution
		Debug|x64 = Debug|x64
		Debug|x86 = Debug|x86
		Release|x64 = Release|x64
		Release|x86 = Release|x86
	EndGlobalSection
	GlobalSection(ProjectConfigurationPlatforms) = postSolution
		{54F0351B-4AFA-4CC8-AB02-7856E825B408}.Debug|x64.ActiveCfg = Debug|x64
		{54F0351B-4AFA-4CC8-AB02-7856E825B408}.Debug|x64.Build.0 = Debug|x64
		{54F0351B-4AFA-4CC8-AB02-7856E825B408}.Debug|x86.ActiveCfg = Debug|Win32
		{54F0351B-4AFA-4CC8-AB02-7856E825B408}.Debug|x86.Build.0 = Debug|Win32
		{54F0351B-4AFA-4CC8-AB02-7856E825B408}.Release|x64.ActiveCfg = Release|x64
		{54F0351B-4AFA-4CC8-AB02-7856E825B408}.Release|x64.Build.0 = Release|x64
		{54F0351B-4AFA-4CC8-AB02-7856E825B408}.Release|x86.ActiveCfg = Release|Win32
		{54F0351B-4AFA-4CC8-AB02-7856E825B408}.Release|x86.Build.0 = Release|Win32
	EndGlobalSection
	GlobalSection(SolutionProperties) = preSolution
		HideSolutionNode = FALSE
	EndGlobalSection
	GlobalSection(ExtensibilityGlobals) = postSolution
		SolutionGuid = {87E68208-B6FD-4C86-A443-65DED741D416}
	EndGlobalSection
EndGlobal
